// !$*UTF8*$!
{
	archiveVersion = 1;
	classes = {
	};
	objectVersion = 50;
	objects = {

/* Begin PBXBuildFile section */
		243BC4862388971E00753D98 /* trowel WatchKit App.app in Embed Watch Content */ = {isa = PBXBuildFile; fileRef = 243BC4852388971E00753D98 /* trowel WatchKit App.app */; settings = {ATTRIBUTES = (RemoveHeadersOnCopy, ); }; };
		243BC48C2388971E00753D98 /* Interface.storyboard in Resources */ = {isa = PBXBuildFile; fileRef = 243BC48A2388971E00753D98 /* Interface.storyboard */; };
		243BC48E2388972000753D98 /* Assets.xcassets in Resources */ = {isa = PBXBuildFile; fileRef = 243BC48D2388972000753D98 /* Assets.xcassets */; };
		243BC4952388972000753D98 /* trowel WatchKit Extension.appex in Embed App Extensions */ = {isa = PBXBuildFile; fileRef = 243BC4942388972000753D98 /* trowel WatchKit Extension.appex */; settings = {ATTRIBUTES = (RemoveHeadersOnCopy, ); }; };
		243BC49A2388972000753D98 /* ContentView.swift in Sources */ = {isa = PBXBuildFile; fileRef = 243BC4992388972000753D98 /* ContentView.swift */; };
		243BC49C2388972000753D98 /* HostingController.swift in Sources */ = {isa = PBXBuildFile; fileRef = 243BC49B2388972000753D98 /* HostingController.swift */; };
		243BC49E2388972000753D98 /* ExtensionDelegate.swift in Sources */ = {isa = PBXBuildFile; fileRef = 243BC49D2388972000753D98 /* ExtensionDelegate.swift */; };
		243BC4A02388972100753D98 /* Assets.xcassets in Resources */ = {isa = PBXBuildFile; fileRef = 243BC49F2388972100753D98 /* Assets.xcassets */; };
		243BC4A32388972100753D98 /* Preview Assets.xcassets in Resources */ = {isa = PBXBuildFile; fileRef = 243BC4A22388972100753D98 /* Preview Assets.xcassets */; };
/* End PBXBuildFile section */

/* Begin PBXContainerItemProxy section */
		243BC4872388971E00753D98 /* PBXContainerItemProxy */ = {
			isa = PBXContainerItemProxy;
			containerPortal = 243BC47B2388971E00753D98 /* Project object */;
			proxyType = 1;
			remoteGlobalIDString = 243BC4842388971E00753D98;
			remoteInfo = "trowel WatchKit App";
		};
		243BC4962388972000753D98 /* PBXContainerItemProxy */ = {
			isa = PBXContainerItemProxy;
			containerPortal = 243BC47B2388971E00753D98 /* Project object */;
			proxyType = 1;
			remoteGlobalIDString = 243BC4932388972000753D98;
			remoteInfo = "trowel WatchKit Extension";
		};
/* End PBXContainerItemProxy section */

/* Begin PBXCopyFilesBuildPhase section */
		243BC4AA2388972100753D98 /* Embed App Extensions */ = {
			isa = PBXCopyFilesBuildPhase;
			buildActionMask = 2147483647;
			dstPath = "";
			dstSubfolderSpec = 13;
			files = (
				243BC4952388972000753D98 /* trowel WatchKit Extension.appex in Embed App Extensions */,
			);
			name = "Embed App Extensions";
			runOnlyForDeploymentPostprocessing = 0;
		};
		243BC4AE2388972100753D98 /* Embed Watch Content */ = {
			isa = PBXCopyFilesBuildPhase;
			buildActionMask = 2147483647;
			dstPath = "$(CONTENTS_FOLDER_PATH)/Watch";
			dstSubfolderSpec = 16;
			files = (
				243BC4862388971E00753D98 /* trowel WatchKit App.app in Embed Watch Content */,
			);
			name = "Embed Watch Content";
			runOnlyForDeploymentPostprocessing = 0;
		};
/* End PBXCopyFilesBuildPhase section */

/* Begin PBXFileReference section */
		243BC4812388971E00753D98 /* trowel.app */ = {isa = PBXFileReference; explicitFileType = wrapper.application; includeInIndex = 0; path = trowel.app; sourceTree = BUILT_PRODUCTS_DIR; };
		243BC4852388971E00753D98 /* trowel WatchKit App.app */ = {isa = PBXFileReference; explicitFileType = wrapper.application; includeInIndex = 0; path = "trowel WatchKit App.app"; sourceTree = BUILT_PRODUCTS_DIR; };
		243BC48B2388971E00753D98 /* Base */ = {isa = PBXFileReference; lastKnownFileType = file.storyboard; name = Base; path = Base.lproj/Interface.storyboard; sourceTree = "<group>"; };
		243BC48D2388972000753D98 /* Assets.xcassets */ = {isa = PBXFileReference; lastKnownFileType = folder.assetcatalog; path = Assets.xcassets; sourceTree = "<group>"; };
		243BC48F2388972000753D98 /* Info.plist */ = {isa = PBXFileReference; lastKnownFileType = text.plist.xml; path = Info.plist; sourceTree = "<group>"; };
		243BC4942388972000753D98 /* trowel WatchKit Extension.appex */ = {isa = PBXFileReference; explicitFileType = "wrapper.app-extension"; includeInIndex = 0; path = "trowel WatchKit Extension.appex"; sourceTree = BUILT_PRODUCTS_DIR; };
		243BC4992388972000753D98 /* ContentView.swift */ = {isa = PBXFileReference; lastKnownFileType = sourcecode.swift; path = ContentView.swift; sourceTree = "<group>"; };
		243BC49B2388972000753D98 /* HostingController.swift */ = {isa = PBXFileReference; lastKnownFileType = sourcecode.swift; path = HostingController.swift; sourceTree = "<group>"; };
		243BC49D2388972000753D98 /* ExtensionDelegate.swift */ = {isa = PBXFileReference; lastKnownFileType = sourcecode.swift; path = ExtensionDelegate.swift; sourceTree = "<group>"; };
		243BC49F2388972100753D98 /* Assets.xcassets */ = {isa = PBXFileReference; lastKnownFileType = folder.assetcatalog; path = Assets.xcassets; sourceTree = "<group>"; };
		243BC4A22388972100753D98 /* Preview Assets.xcassets */ = {isa = PBXFileReference; lastKnownFileType = folder.assetcatalog; path = "Preview Assets.xcassets"; sourceTree = "<group>"; };
		243BC4A42388972100753D98 /* Info.plist */ = {isa = PBXFileReference; lastKnownFileType = text.plist.xml; path = Info.plist; sourceTree = "<group>"; };
/* End PBXFileReference section */

/* Begin PBXFrameworksBuildPhase section */
		243BC4912388972000753D98 /* Frameworks */ = {
			isa = PBXFrameworksBuildPhase;
			buildActionMask = 2147483647;
			files = (
			);
			runOnlyForDeploymentPostprocessing = 0;
		};
/* End PBXFrameworksBuildPhase section */

/* Begin PBXGroup section */
		243BC47A2388971E00753D98 = {
			isa = PBXGroup;
			children = (
				243BC4892388971E00753D98 /* trowel WatchKit App */,
				243BC4982388972000753D98 /* trowel WatchKit Extension */,
				243BC4822388971E00753D98 /* Products */,
			);
			sourceTree = "<group>";
		};
		243BC4822388971E00753D98 /* Products */ = {
			isa = PBXGroup;
			children = (
				243BC4812388971E00753D98 /* trowel.app */,
				243BC4852388971E00753D98 /* trowel WatchKit App.app */,
				243BC4942388972000753D98 /* trowel WatchKit Extension.appex */,
			);
			name = Products;
			sourceTree = "<group>";
		};
		243BC4892388971E00753D98 /* trowel WatchKit App */ = {
			isa = PBXGroup;
			children = (
				243BC48A2388971E00753D98 /* Interface.storyboard */,
				243BC48D2388972000753D98 /* Assets.xcassets */,
				243BC48F2388972000753D98 /* Info.plist */,
			);
			path = "trowel WatchKit App";
			sourceTree = "<group>";
		};
		243BC4982388972000753D98 /* trowel WatchKit Extension */ = {
			isa = PBXGroup;
			children = (
				243BC4992388972000753D98 /* ContentView.swift */,
				243BC49B2388972000753D98 /* HostingController.swift */,
				243BC49D2388972000753D98 /* ExtensionDelegate.swift */,
				243BC49F2388972100753D98 /* Assets.xcassets */,
				243BC4A42388972100753D98 /* Info.plist */,
				243BC4A12388972100753D98 /* Preview Content */,
			);
			path = "trowel WatchKit Extension";
			sourceTree = "<group>";
		};
		243BC4A12388972100753D98 /* Preview Content */ = {
			isa = PBXGroup;
			children = (
				243BC4A22388972100753D98 /* Preview Assets.xcassets */,
			);
			path = "Preview Content";
			sourceTree = "<group>";
		};
/* End PBXGroup section */

/* Begin PBXNativeTarget section */
		243BC4802388971E00753D98 /* trowel */ = {
			isa = PBXNativeTarget;
			buildConfigurationList = 243BC4AF2388972100753D98 /* Build configuration list for PBXNativeTarget "trowel" */;
			buildPhases = (
				243BC47F2388971E00753D98 /* Resources */,
				243BC4AE2388972100753D98 /* Embed Watch Content */,
			);
			buildRules = (
			);
			dependencies = (
				243BC4882388971E00753D98 /* PBXTargetDependency */,
			);
			name = trowel;
			productName = trowel;
			productReference = 243BC4812388971E00753D98 /* trowel.app */;
			productType = "com.apple.product-type.application.watchapp2-container";
		};
		243BC4842388971E00753D98 /* trowel WatchKit App */ = {
			isa = PBXNativeTarget;
			buildConfigurationList = 243BC4AB2388972100753D98 /* Build configuration list for PBXNativeTarget "trowel WatchKit App" */;
			buildPhases = (
				243BC4832388971E00753D98 /* Resources */,
				243BC4AA2388972100753D98 /* Embed App Extensions */,
			);
			buildRules = (
			);
			dependencies = (
				243BC4972388972000753D98 /* PBXTargetDependency */,
			);
			name = "trowel WatchKit App";
			productName = "trowel WatchKit App";
			productReference = 243BC4852388971E00753D98 /* trowel WatchKit App.app */;
			productType = "com.apple.product-type.application.watchapp2";
		};
		243BC4932388972000753D98 /* trowel WatchKit Extension */ = {
			isa = PBXNativeTarget;
			buildConfigurationList = 243BC4A72388972100753D98 /* Build configuration list for PBXNativeTarget "trowel WatchKit Extension" */;
			buildPhases = (
				243BC4902388972000753D98 /* Sources */,
				243BC4912388972000753D98 /* Frameworks */,
				243BC4922388972000753D98 /* Resources */,
			);
			buildRules = (
			);
			dependencies = (
			);
			name = "trowel WatchKit Extension";
			productName = "trowel WatchKit Extension";
			productReference = 243BC4942388972000753D98 /* trowel WatchKit Extension.appex */;
			productType = "com.apple.product-type.watchkit2-extension";
		};
/* End PBXNativeTarget section */

/* Begin PBXProject section */
		243BC47B2388971E00753D98 /* Project object */ = {
			isa = PBXProject;
			attributes = {
				LastSwiftUpdateCheck = 1120;
				LastUpgradeCheck = 1120;
				ORGANIZATIONNAME = PKC;
				TargetAttributes = {
					243BC4802388971E00753D98 = {
						CreatedOnToolsVersion = 11.2.1;
					};
					243BC4842388971E00753D98 = {
						CreatedOnToolsVersion = 11.2.1;
					};
					243BC4932388972000753D98 = {
						CreatedOnToolsVersion = 11.2.1;
					};
				};
			};
			buildConfigurationList = 243BC47E2388971E00753D98 /* Build configuration list for PBXProject "trowel" */;
			compatibilityVersion = "Xcode 9.3";
			developmentRegion = en;
			hasScannedForEncodings = 0;
			knownRegions = (
				en,
				Base,
			);
			mainGroup = 243BC47A2388971E00753D98;
			productRefGroup = 243BC4822388971E00753D98 /* Products */;
			projectDirPath = "";
			projectRoot = "";
			targets = (
				243BC4802388971E00753D98 /* trowel */,
				243BC4842388971E00753D98 /* trowel WatchKit App */,
				243BC4932388972000753D98 /* trowel WatchKit Extension */,
			);
		};
/* End PBXProject section */

/* Begin PBXResourcesBuildPhase section */
		243BC47F2388971E00753D98 /* Resources */ = {
			isa = PBXResourcesBuildPhase;
			buildActionMask = 2147483647;
			files = (
			);
			runOnlyForDeploymentPostprocessing = 0;
		};
		243BC4832388971E00753D98 /* Resources */ = {
			isa = PBXResourcesBuildPhase;
			buildActionMask = 2147483647;
			files = (
				243BC48E2388972000753D98 /* Assets.xcassets in Resources */,
				243BC48C2388971E00753D98 /* Interface.storyboard in Resources */,
			);
			runOnlyForDeploymentPostprocessing = 0;
		};
		243BC4922388972000753D98 /* Resources */ = {
			isa = PBXResourcesBuildPhase;
			buildActionMask = 2147483647;
			files = (
				243BC4A32388972100753D98 /* Preview Assets.xcassets in Resources */,
				243BC4A02388972100753D98 /* Assets.xcassets in Resources */,
			);
			runOnlyForDeploymentPostprocessing = 0;
		};
/* End PBXResourcesBuildPhase section */

/* Begin PBXSourcesBuildPhase section */
		243BC4902388972000753D98 /* Sources */ = {
			isa = PBXSourcesBuildPhase;
			buildActionMask = 2147483647;
			files = (
				243BC49C2388972000753D98 /* HostingController.swift in Sources */,
				243BC49A2388972000753D98 /* ContentView.swift in Sources */,
				243BC49E2388972000753D98 /* ExtensionDelegate.swift in Sources */,
			);
			runOnlyForDeploymentPostprocessing = 0;
		};
/* End PBXSourcesBuildPhase section */

/* Begin PBXTargetDependency section */
		243BC4882388971E00753D98 /* PBXTargetDependency */ = {
			isa = PBXTargetDependency;
			target = 243BC4842388971E00753D98 /* trowel WatchKit App */;
			targetProxy = 243BC4872388971E00753D98 /* PBXContainerItemProxy */;
		};
		243BC4972388972000753D98 /* PBXTargetDependency */ = {
			isa = PBXTargetDependency;
			target = 243BC4932388972000753D98 /* trowel WatchKit Extension */;
			targetProxy = 243BC4962388972000753D98 /* PBXContainerItemProxy */;
		};
/* End PBXTargetDependency section */

/* Begin PBXVariantGroup section */
		243BC48A2388971E00753D98 /* Interface.storyboard */ = {
			isa = PBXVariantGroup;
			children = (
				243BC48B2388971E00753D98 /* Base */,
			);
			name = Interface.storyboard;
			sourceTree = "<group>";
		};
/* End PBXVariantGroup section */

/* Begin XCBuildConfiguration section */
		243BC4A52388972100753D98 /* Debug */ = {
			isa = XCBuildConfiguration;
			buildSettings = {
				ALWAYS_SEARCH_USER_PATHS = NO;
				CLANG_ANALYZER_NONNULL = YES;
				CLANG_ANALYZER_NUMBER_OBJECT_CONVERSION = YES_AGGRESSIVE;
				CLANG_CXX_LANGUAGE_STANDARD = "gnu++14";
				CLANG_CXX_LIBRARY = "libc++";
				CLANG_ENABLE_MODULES = YES;
				CLANG_ENABLE_OBJC_ARC = YES;
				CLANG_ENABLE_OBJC_WEAK = YES;
				CLANG_WARN_BLOCK_CAPTURE_AUTORELEASING = YES;
				CLANG_WARN_BOOL_CONVERSION = YES;
				CLANG_WARN_COMMA = YES;
				CLANG_WARN_CONSTANT_CONVERSION = YES;
				CLANG_WARN_DEPRECATED_OBJC_IMPLEMENTATIONS = YES;
				CLANG_WARN_DIRECT_OBJC_ISA_USAGE = YES_ERROR;
				CLANG_WARN_DOCUMENTATION_COMMENTS = YES;
				CLANG_WARN_EMPTY_BODY = YES;
				CLANG_WARN_ENUM_CONVERSION = YES;
				CLANG_WARN_INFINITE_RECURSION = YES;
				CLANG_WARN_INT_CONVERSION = YES;
				CLANG_WARN_NON_LITERAL_NULL_CONVERSION = YES;
				CLANG_WARN_OBJC_IMPLICIT_RETAIN_SELF = YES;
				CLANG_WARN_OBJC_LITERAL_CONVERSION = YES;
				CLANG_WARN_OBJC_ROOT_CLASS = YES_ERROR;
				CLANG_WARN_RANGE_LOOP_ANALYSIS = YES;
				CLANG_WARN_STRICT_PROTOTYPES = YES;
				CLANG_WARN_SUSPICIOUS_MOVE = YES;
				CLANG_WARN_UNGUARDED_AVAILABILITY = YES_AGGRESSIVE;
				CLANG_WARN_UNREACHABLE_CODE = YES;
				CLANG_WARN__DUPLICATE_METHOD_MATCH = YES;
				COPY_PHASE_STRIP = NO;
				DEBUG_INFORMATION_FORMAT = dwarf;
				ENABLE_STRICT_OBJC_MSGSEND = YES;
				ENABLE_TESTABILITY = YES;
				GCC_C_LANGUAGE_STANDARD = gnu11;
				GCC_DYNAMIC_NO_PIC = NO;
				GCC_NO_COMMON_BLOCKS = YES;
				GCC_OPTIMIZATION_LEVEL = 0;
				GCC_PREPROCESSOR_DEFINITIONS = (
					"DEBUG=1",
					"$(inherited)",
				);
				GCC_WARN_64_TO_32_BIT_CONVERSION = YES;
				GCC_WARN_ABOUT_RETURN_TYPE = YES_ERROR;
				GCC_WARN_UNDECLARED_SELECTOR = YES;
				GCC_WARN_UNINITIALIZED_AUTOS = YES_AGGRESSIVE;
				GCC_WARN_UNUSED_FUNCTION = YES;
				GCC_WARN_UNUSED_VARIABLE = YES;
				MTL_ENABLE_DEBUG_INFO = INCLUDE_SOURCE;
				MTL_FAST_MATH = YES;
				ONLY_ACTIVE_ARCH = YES;
				SDKROOT = iphoneos;
				SWIFT_ACTIVE_COMPILATION_CONDITIONS = DEBUG;
				SWIFT_OPTIMIZATION_LEVEL = "-Onone";
			};
			name = Debug;
		};
		243BC4A62388972100753D98 /* Release */ = {
			isa = XCBuildConfiguration;
			buildSettings = {
				ALWAYS_SEARCH_USER_PATHS = NO;
				CLANG_ANALYZER_NONNULL = YES;
				CLANG_ANALYZER_NUMBER_OBJECT_CONVERSION = YES_AGGRESSIVE;
				CLANG_CXX_LANGUAGE_STANDARD = "gnu++14";
				CLANG_CXX_LIBRARY = "libc++";
				CLANG_ENABLE_MODULES = YES;
				CLANG_ENABLE_OBJC_ARC = YES;
				CLANG_ENABLE_OBJC_WEAK = YES;
				CLANG_WARN_BLOCK_CAPTURE_AUTORELEASING = YES;
				CLANG_WARN_BOOL_CONVERSION = YES;
				CLANG_WARN_COMMA = YES;
				CLANG_WARN_CONSTANT_CONVERSION = YES;
				CLANG_WARN_DEPRECATED_OBJC_IMPLEMENTATIONS = YES;
				CLANG_WARN_DIRECT_OBJC_ISA_USAGE = YES_ERROR;
				CLANG_WARN_DOCUMENTATION_COMMENTS = YES;
				CLANG_WARN_EMPTY_BODY = YES;
				CLANG_WARN_ENUM_CONVERSION = YES;
				CLANG_WARN_INFINITE_RECURSION = YES;
				CLANG_WARN_INT_CONVERSION = YES;
				CLANG_WARN_NON_LITERAL_NULL_CONVERSION = YES;
				CLANG_WARN_OBJC_IMPLICIT_RETAIN_SELF = YES;
				CLANG_WARN_OBJC_LITERAL_CONVERSION = YES;
				CLANG_WARN_OBJC_ROOT_CLASS = YES_ERROR;
				CLANG_WARN_RANGE_LOOP_ANALYSIS = YES;
				CLANG_WARN_STRICT_PROTOTYPES = YES;
				CLANG_WARN_SUSPICIOUS_MOVE = YES;
				CLANG_WARN_UNGUARDED_AVAILABILITY = YES_AGGRESSIVE;
				CLANG_WARN_UNREACHABLE_CODE = YES;
				CLANG_WARN__DUPLICATE_METHOD_MATCH = YES;
				COPY_PHASE_STRIP = NO;
				DEBUG_INFORMATION_FORMAT = "dwarf-with-dsym";
				ENABLE_NS_ASSERTIONS = NO;
				ENABLE_STRICT_OBJC_MSGSEND = YES;
				GCC_C_LANGUAGE_STANDARD = gnu11;
				GCC_NO_COMMON_BLOCKS = YES;
				GCC_WARN_64_TO_32_BIT_CONVERSION = YES;
				GCC_WARN_ABOUT_RETURN_TYPE = YES_ERROR;
				GCC_WARN_UNDECLARED_SELECTOR = YES;
				GCC_WARN_UNINITIALIZED_AUTOS = YES_AGGRESSIVE;
				GCC_WARN_UNUSED_FUNCTION = YES;
				GCC_WARN_UNUSED_VARIABLE = YES;
				MTL_ENABLE_DEBUG_INFO = NO;
				MTL_FAST_MATH = YES;
				SDKROOT = iphoneos;
				SWIFT_COMPILATION_MODE = wholemodule;
				SWIFT_OPTIMIZATION_LEVEL = "-O";
				VALIDATE_PRODUCT = YES;
			};
			name = Release;
		};
		243BC4A82388972100753D98 /* Debug */ = {
			isa = XCBuildConfiguration;
			buildSettings = {
				ASSETCATALOG_COMPILER_COMPLICATION_NAME = Complication;
				CODE_SIGN_STYLE = Automatic;
				DEVELOPMENT_ASSET_PATHS = "\"trowel WatchKit Extension/Preview Content\"";
				DEVELOPMENT_TEAM = H36H5AXY5V;
				ENABLE_PREVIEWS = YES;
				INFOPLIST_FILE = "trowel WatchKit Extension/Info.plist";
				LD_RUNPATH_SEARCH_PATHS = (
					"$(inherited)",
					"@executable_path/Frameworks",
					"@executable_path/../../Frameworks",
				);
				PRODUCT_BUNDLE_IDENTIFIER = pkc.trowel.watchkitapp.watchkitextension;
				PRODUCT_NAME = "${TARGET_NAME}";
				SDKROOT = watchos;
				SKIP_INSTALL = YES;
				SWIFT_VERSION = 5.0;
				TARGETED_DEVICE_FAMILY = 4;
				WATCHOS_DEPLOYMENT_TARGET = 6.1;
			};
			name = Debug;
		};
		243BC4A92388972100753D98 /* Release */ = {
			isa = XCBuildConfiguration;
			buildSettings = {
				ASSETCATALOG_COMPILER_COMPLICATION_NAME = Complication;
				CODE_SIGN_STYLE = Automatic;
				DEVELOPMENT_ASSET_PATHS = "\"trowel WatchKit Extension/Preview Content\"";
				DEVELOPMENT_TEAM = H36H5AXY5V;
				ENABLE_PREVIEWS = YES;
				INFOPLIST_FILE = "trowel WatchKit Extension/Info.plist";
				LD_RUNPATH_SEARCH_PATHS = (
					"$(inherited)",
					"@executable_path/Frameworks",
					"@executable_path/../../Frameworks",
				);
				PRODUCT_BUNDLE_IDENTIFIER = pkc.trowel.watchkitapp.watchkitextension;
				PRODUCT_NAME = "${TARGET_NAME}";
				SDKROOT = watchos;
				SKIP_INSTALL = YES;
				SWIFT_VERSION = 5.0;
				TARGETED_DEVICE_FAMILY = 4;
				WATCHOS_DEPLOYMENT_TARGET = 6.1;
			};
			name = Release;
		};
		243BC4AC2388972100753D98 /* Debug */ = {
			isa = XCBuildConfiguration;
			buildSettings = {
				ALWAYS_EMBED_SWIFT_STANDARD_LIBRARIES = YES;
				ASSETCATALOG_COMPILER_APPICON_NAME = AppIcon;
				CODE_SIGN_STYLE = Automatic;
				DEVELOPMENT_TEAM = H36H5AXY5V;
				IBSC_MODULE = trowel_WatchKit_Extension;
				INFOPLIST_FILE = "trowel WatchKit App/Info.plist";
				PRODUCT_BUNDLE_IDENTIFIER = pkc.trowel.watchkitapp;
				PRODUCT_NAME = "$(TARGET_NAME)";
				SDKROOT = watchos;
				SKIP_INSTALL = YES;
				SWIFT_VERSION = 5.0;
				TARGETED_DEVICE_FAMILY = 4;
				WATCHOS_DEPLOYMENT_TARGET = 6.1;
			};
			name = Debug;
		};
		243BC4AD2388972100753D98 /* Release */ = {
			isa = XCBuildConfiguration;
			buildSettings = {
				ALWAYS_EMBED_SWIFT_STANDARD_LIBRARIES = YES;
				ASSETCATALOG_COMPILER_APPICON_NAME = AppIcon;
				CODE_SIGN_STYLE = Automatic;
				DEVELOPMENT_TEAM = H36H5AXY5V;
				IBSC_MODULE = trowel_WatchKit_Extension;
				INFOPLIST_FILE = "trowel WatchKit App/Info.plist";
				PRODUCT_BUNDLE_IDENTIFIER = pkc.trowel.watchkitapp;
				PRODUCT_NAME = "$(TARGET_NAME)";
				SDKROOT = watchos;
				SKIP_INSTALL = YES;
				SWIFT_VERSION = 5.0;
				TARGETED_DEVICE_FAMILY = 4;
				WATCHOS_DEPLOYMENT_TARGET = 6.1;
			};
			name = Release;
		};
		243BC4B02388972100753D98 /* Debug */ = {
			isa = XCBuildConfiguration;
			buildSettings = {
				CODE_SIGN_STYLE = Automatic;
				CURRENT_PROJECT_VERSION = 1;
				DEVELOPMENT_TEAM = H36H5AXY5V;
				MARKETING_VERSION = 1.0;
				PRODUCT_BUNDLE_IDENTIFIER = pkc.trowel;
				PRODUCT_NAME = "$(TARGET_NAME)";
				SWIFT_VERSION = 5.0;
			};
			name = Debug;
		};
		243BC4B12388972100753D98 /* Release */ = {
			isa = XCBuildConfiguration;
			buildSettings = {
				CODE_SIGN_STYLE = Automatic;
				CURRENT_PROJECT_VERSION = 1;
				DEVELOPMENT_TEAM = H36H5AXY5V;
				MARKETING_VERSION = 1.0;
				PRODUCT_BUNDLE_IDENTIFIER = pkc.trowel;
				PRODUCT_NAME = "$(TARGET_NAME)";
				SWIFT_VERSION = 5.0;
			};
			name = Release;
		};
/* End XCBuildConfiguration section */

/* Begin XCConfigurationList section */
		243BC47E2388971E00753D98 /* Build configuration list for PBXProject "trowel" */ = {
			isa = XCConfigurationList;
			buildConfigurations = (
				243BC4A52388972100753D98 /* Debug */,
				243BC4A62388972100753D98 /* Release */,
			);
			defaultConfigurationIsVisible = 0;
			defaultConfigurationName = Release;
		};
		243BC4A72388972100753D98 /* Build configuration list for PBXNativeTarget "trowel WatchKit Extension" */ = {
			isa = XCConfigurationList;
			buildConfigurations = (
				243BC4A82388972100753D98 /* Debug */,
				243BC4A92388972100753D98 /* Release */,
			);
			defaultConfigurationIsVisible = 0;
			defaultConfigurationName = Release;
		};
		243BC4AB2388972100753D98 /* Build configuration list for PBXNativeTarget "trowel WatchKit App" */ = {
			isa = XCConfigurationList;
			buildConfigurations = (
				243BC4AC2388972100753D98 /* Debug */,
				243BC4AD2388972100753D98 /* Release */,
			);
			defaultConfigurationIsVisible = 0;
			defaultConfigurationName = Release;
		};
		243BC4AF2388972100753D98 /* Build configuration list for PBXNativeTarget "trowel" */ = {
			isa = XCConfigurationList;
			buildConfigurations = (
				243BC4B02388972100753D98 /* Debug */,
				243BC4B12388972100753D98 /* Release */,
			);
			defaultConfigurationIsVisible = 0;
			defaultConfigurationName = Release;
		};
/* End XCConfigurationList section */
	};
	rootObject = 243BC47B2388971E00753D98 /* Project object */;
}
